
Microsoft Visual Studio Solution File, Format Version 12.00
# Visual Studio 2013
VisualStudioVersion = 12.0.21005.1
MinimumVisualStudioVersion = 10.0.40219.1
Project("{FAE04EC0-301F-11D3-BF4B-00C04F79EFBC}") = "TestReportViewer", "TestReportViewer\TestReportViewer.csproj", "{D6C973DE-9877-4528-A452-EDB8BA39CA5F}"
EndProject
Project("{FAE04EC0-301F-11D3-BF4B-00C04F79EFBC}") = "Net20ReportViewr", "Net20ReportViewr\Net20ReportViewr.csproj", "{C47E9C71-2DBC-4C5B-B13A-B17F1EDF2F03}"
EndProject
Project("{FAE04EC0-301F-11D3-BF4B-00C04F79EFBC}") = "ExportToWord", "ExportToWord\ExportToWord.csproj", "{0F7C07E8-2989-4EAF-85A5-39C6B79BE016}"
EndProject
Global
	GlobalSection(SolutionConfigurationPlatforms) = preSolution
		Debug|Any CPU = Debug|Any CPU
		Release|Any CPU = Release|Any CPU
	EndGlobalSection
	GlobalSection(ProjectConfigurationPlatforms) = postSolution
		{D6C973DE-9877-4528-A452-EDB8BA39CA5F}.Debug|Any CPU.ActiveCfg = Debug|Any CPU
		{D6C973DE-9877-4528-A452-EDB8BA39CA5F}.Debug|Any CPU.Build.0 = Debug|Any CPU
		{D6C973DE-9877-4528-A452-EDB8BA39CA5F}.Release|Any CPU.ActiveCfg = Release|Any CPU
		{D6C973DE-9877-4528-A452-EDB8BA39CA5F}.Release|Any CPU.Build.0 = Release|Any CPU
		{C47E9C71-2DBC-4C5B-B13A-B17F1EDF2F03}.Debug|Any CPU.ActiveCfg = Debug|Any CPU
		{C47E9C71-2DBC-4C5B-B13A-B17F1EDF2F03}.Debug|Any CPU.Build.0 = Debug|Any CPU
		{C47E9C71-2DBC-4C5B-B13A-B17F1EDF2F03}.Release|Any CPU.ActiveCfg = Release|Any CPU
		{C47E9C71-2DBC-4C5B-B13A-B17F1EDF2F03}.Release|Any CPU.Build.0 = Release|Any CPU
		{0F7C07E8-2989-4EAF-85A5-39C6B79BE016}.Debug|Any CPU.ActiveCfg = Debug|Any CPU
		{0F7C07E8-2989-4EAF-85A5-39C6B79BE016}.Debug|Any CPU.Build.0 = Debug|Any CPU
		{0F7C07E8-2989-4EAF-85A5-39C6B79BE016}.Release|Any CPU.ActiveCfg = Release|Any CPU
		{0F7C07E8-2989-4EAF-85A5-39C6B79BE016}.Release|Any CPU.Build.0 = Release|Any CPU
	EndGlobalSection
	GlobalSection(SolutionProperties) = preSolution
		HideSolutionNode = FALSE
	EndGlobalSection
EndGlobal
